
Microsoft Visual Studio Solution File, Format Version 12.00
# Visual Studio Version 16
VisualStudioVersion = 16.0.30011.22
MinimumVisualStudioVersion = 10.0.40219.1
Project("{FAE04EC0-301F-11D3-BF4B-00C04F79EFBC}") = "task3idk16.6.2020", "task3idk16.6.2020\task3idk16.6.2020.csproj", "{67C7915F-47AB-46DA-BDA6-57F26A1BFBAE}"
EndProject
Global
	GlobalSection(SolutionConfigurationPlatforms) = preSolution
		Debug|Any CPU = Debug|Any CPU
		Release|Any CPU = Release|Any CPU
	EndGlobalSection
	GlobalSection(ProjectConfigurationPlatforms) = postSolution
		{67C7915F-47AB-46DA-BDA6-57F26A1BFBAE}.Debug|Any CPU.ActiveCfg = Debug|Any CPU
		{67C7915F-47AB-46DA-BDA6-57F26A1BFBAE}.Debug|Any CPU.Build.0 = Debug|Any CPU
		{67C7915F-47AB-46DA-BDA6-57F26A1BFBAE}.Release|Any CPU.ActiveCfg = Release|Any CPU
		{67C7915F-47AB-46DA-BDA6-57F26A1BFBAE}.Release|Any CPU.Build.0 = Release|Any CPU
	EndGlobalSection
	GlobalSection(SolutionProperties) = preSolution
		HideSolutionNode = FALSE
	EndGlobalSection
	GlobalSection(ExtensibilityGlobals) = postSolution
		SolutionGuid = {2F323FE7-F795-407F-AF35-67A9EA755A43}
	EndGlobalSection
EndGlobal
